{
  "name": "seri",
  "version": "1.0.0",
  "lockfileVersion": 3,
  "requires": true,
  "packages": {
    "": {
      "name": "seri",
      "version": "1.0.0",
      "license": "ISC",
      "dependencies": {
        "flatbuffers": "^24.3.25"
      }
    },
    "node_modules/flatbuffers": {
      "version": "24.3.25",
      "resolved": "https://registry.npmmirror.com/flatbuffers/-/flatbuffers-24.3.25.tgz",
      "integrity": "sha512-3HDgPbgiwWMI9zVB7VYBHaMrbOO7Gm0v+yD2FV/sCKj+9NDeVL7BOBYUuhWAQGKWOzBo8S9WdMvV0eixO233XQ=="
    }
  }
}
